
Microsoft Visual Studio Solution File, Format Version 12.00
# Visual Studio Version 16
VisualStudioVersion = 16.0.29728.190
MinimumVisualStudioVersion = 10.0.40219.1
Project("{9A19103F-16F7-4668-BE54-9A1E7A4F7556}") = "AWSLambda", "AWSLambda\AWSLambda.csproj", "{9F195018-B2EB-48D5-8ECC-ACA79AE5E14F}"
EndProject
Project("{9A19103F-16F7-4668-BE54-9A1E7A4F7556}") = "AWSLambdaEmptyFunction", "AWSLambdaEmptyFunction\AWSLambdaEmptyFunction.csproj", "{5424E9E4-E5FA-4B70-995C-2EE0E2761E5D}"
EndProject
Project("{9A19103F-16F7-4668-BE54-9A1E7A4F7556}") = "AWSLambdaCustomRuntimeFunction", "AWSLambdaCustomRuntimeFunction\AWSLambdaCustomRuntimeFunction.csproj", "{9B7204D3-3764-42C4-8762-15602A8B49D5}"
EndProject
Project("{9A19103F-16F7-4668-BE54-9A1E7A4F7556}") = "AWSLambdaSimpleS3Function", "AWSLambdaSimpleS3Function\AWSLambdaSimpleS3Function.csproj", "{598C6BF2-2F42-4D5A-A908-722469F022DB}"
EndProject
Project("{9A19103F-16F7-4668-BE54-9A1E7A4F7556}") = "AWSLambdaImageRekognition", "AWSLambdaImageRekognition\AWSLambdaImageRekognition.csproj", "{DD7A0228-F187-42A3-BEBE-8A49C16EBEB1}"
EndProject
Project("{9A19103F-16F7-4668-BE54-9A1E7A4F7556}") = "HelloLambda", "HelloLambda\HelloLambda.csproj", "{932B0CC9-E6C8-4676-B4BD-6DAAF90335F7}"
EndProject
Project("{9A19103F-16F7-4668-BE54-9A1E7A4F7556}") = "ImageRekognition", "ImageRekognition\ImageRekognition.csproj", "{13F8B8D2-0DFF-43C3-B1BE-667A69019D2E}"
EndProject
Project("{9A19103F-16F7-4668-BE54-9A1E7A4F7556}") = "MyFunction", "MyFunction\MyFunction.csproj", "{41552D26-1D13-413E-B8B5-CBCCC69E8F27}"
EndProject
Project("{9A19103F-16F7-4668-BE54-9A1E7A4F7556}") = "MyFunction.Tests", "MyFunction.Tests\MyFunction.Tests.csproj", "{E0D63A6A-8D5D-4649-8E60-938611D0D770}"
EndProject
Global
	GlobalSection(SolutionConfigurationPlatforms) = preSolution
		Debug|Any CPU = Debug|Any CPU
		Release|Any CPU = Release|Any CPU
	EndGlobalSection
	GlobalSection(ProjectConfigurationPlatforms) = postSolution
		{9F195018-B2EB-48D5-8ECC-ACA79AE5E14F}.Debug|Any CPU.ActiveCfg = Debug|Any CPU
		{9F195018-B2EB-48D5-8ECC-ACA79AE5E14F}.Debug|Any CPU.Build.0 = Debug|Any CPU
		{9F195018-B2EB-48D5-8ECC-ACA79AE5E14F}.Release|Any CPU.ActiveCfg = Release|Any CPU
		{9F195018-B2EB-48D5-8ECC-ACA79AE5E14F}.Release|Any CPU.Build.0 = Release|Any CPU
		{5424E9E4-E5FA-4B70-995C-2EE0E2761E5D}.Debug|Any CPU.ActiveCfg = Debug|Any CPU
		{5424E9E4-E5FA-4B70-995C-2EE0E2761E5D}.Debug|Any CPU.Build.0 = Debug|Any CPU
		{5424E9E4-E5FA-4B70-995C-2EE0E2761E5D}.Release|Any CPU.ActiveCfg = Release|Any CPU
		{5424E9E4-E5FA-4B70-995C-2EE0E2761E5D}.Release|Any CPU.Build.0 = Release|Any CPU
		{9B7204D3-3764-42C4-8762-15602A8B49D5}.Debug|Any CPU.ActiveCfg = Debug|Any CPU
		{9B7204D3-3764-42C4-8762-15602A8B49D5}.Debug|Any CPU.Build.0 = Debug|Any CPU
		{9B7204D3-3764-42C4-8762-15602A8B49D5}.Release|Any CPU.ActiveCfg = Release|Any CPU
		{9B7204D3-3764-42C4-8762-15602A8B49D5}.Release|Any CPU.Build.0 = Release|Any CPU
		{598C6BF2-2F42-4D5A-A908-722469F022DB}.Debug|Any CPU.ActiveCfg = Debug|Any CPU
		{598C6BF2-2F42-4D5A-A908-722469F022DB}.Debug|Any CPU.Build.0 = Debug|Any CPU
		{598C6BF2-2F42-4D5A-A908-722469F022DB}.Release|Any CPU.ActiveCfg = Release|Any CPU
		{598C6BF2-2F42-4D5A-A908-722469F022DB}.Release|Any CPU.Build.0 = Release|Any CPU
		{DD7A0228-F187-42A3-BEBE-8A49C16EBEB1}.Debug|Any CPU.ActiveCfg = Debug|Any CPU
		{DD7A0228-F187-42A3-BEBE-8A49C16EBEB1}.Debug|Any CPU.Build.0 = Debug|Any CPU
		{DD7A0228-F187-42A3-BEBE-8A49C16EBEB1}.Release|Any CPU.ActiveCfg = Release|Any CPU
		{DD7A0228-F187-42A3-BEBE-8A49C16EBEB1}.Release|Any CPU.Build.0 = Release|Any CPU
		{932B0CC9-E6C8-4676-B4BD-6DAAF90335F7}.Debug|Any CPU.ActiveCfg = Debug|Any CPU
		{932B0CC9-E6C8-4676-B4BD-6DAAF90335F7}.Debug|Any CPU.Build.0 = Debug|Any CPU
		{932B0CC9-E6C8-4676-B4BD-6DAAF90335F7}.Release|Any CPU.ActiveCfg = Release|Any CPU
		{932B0CC9-E6C8-4676-B4BD-6DAAF90335F7}.Release|Any CPU.Build.0 = Release|Any CPU
		{13F8B8D2-0DFF-43C3-B1BE-667A69019D2E}.Debug|Any CPU.ActiveCfg = Debug|Any CPU
		{13F8B8D2-0DFF-43C3-B1BE-667A69019D2E}.Debug|Any CPU.Build.0 = Debug|Any CPU
		{13F8B8D2-0DFF-43C3-B1BE-667A69019D2E}.Release|Any CPU.ActiveCfg = Release|Any CPU
		{13F8B8D2-0DFF-43C3-B1BE-667A69019D2E}.Release|Any CPU.Build.0 = Release|Any CPU
		{41552D26-1D13-413E-B8B5-CBCCC69E8F27}.Debug|Any CPU.ActiveCfg = Debug|Any CPU
		{41552D26-1D13-413E-B8B5-CBCCC69E8F27}.Debug|Any CPU.Build.0 = Debug|Any CPU
		{41552D26-1D13-413E-B8B5-CBCCC69E8F27}.Release|Any CPU.ActiveCfg = Release|Any CPU
		{41552D26-1D13-413E-B8B5-CBCCC69E8F27}.Release|Any CPU.Build.0 = Release|Any CPU
		{E0D63A6A-8D5D-4649-8E60-938611D0D770}.Debug|Any CPU.ActiveCfg = Debug|Any CPU
		{E0D63A6A-8D5D-4649-8E60-938611D0D770}.Debug|Any CPU.Build.0 = Debug|Any CPU
		{E0D63A6A-8D5D-4649-8E60-938611D0D770}.Release|Any CPU.ActiveCfg = Release|Any CPU
		{E0D63A6A-8D5D-4649-8E60-938611D0D770}.Release|Any CPU.Build.0 = Release|Any CPU
	EndGlobalSection
	GlobalSection(SolutionProperties) = preSolution
		HideSolutionNode = FALSE
	EndGlobalSection
	GlobalSection(ExtensibilityGlobals) = postSolution
		SolutionGuid = {67F76083-9C86-4644-952C-470A97F72F6B}
	EndGlobalSection
EndGlobal
